
Microsoft Visual Studio Solution File, Format Version 12.00
# Visual Studio Version 16
VisualStudioVersion = 16.0.29709.97
MinimumVisualStudioVersion = 10.0.40219.1
Project("{FAE04EC0-301F-11D3-BF4B-00C04F79EFBC}") = "LoanApplication.Tests", "LoanApplication.Tests\LoanApplication.Tests.csproj", "{A1A81147-A9F1-44A0-9EB4-8513F1D6A8F9}"
EndProject
Project("{FAE04EC0-301F-11D3-BF4B-00C04F79EFBC}") = "LoanApplication.Data", "LoanApplication.Data\LoanApplication.Data.csproj", "{70452C01-4152-45A0-8E20-02CCB12C98F6}"
EndProject
Project("{FAE04EC0-301F-11D3-BF4B-00C04F79EFBC}") = "LoanApplication.Core", "LoanApplication.Core\LoanApplication.Core.csproj", "{4026EAF7-341C-481C-BB05-E1B85F364A7E}"
EndProject
Project("{FAE04EC0-301F-11D3-BF4B-00C04F79EFBC}") = "LoanApplication.Web", "LoanApplication.Web\LoanApplication.Web.csproj", "{5DF0325F-9117-4E60-94BD-ADB1B11FF5C7}"
EndProject
Global
	GlobalSection(SolutionConfigurationPlatforms) = preSolution
		Debug|Any CPU = Debug|Any CPU
		Release|Any CPU = Release|Any CPU
	EndGlobalSection
	GlobalSection(ProjectConfigurationPlatforms) = postSolution
		{A1A81147-A9F1-44A0-9EB4-8513F1D6A8F9}.Debug|Any CPU.ActiveCfg = Debug|Any CPU
		{A1A81147-A9F1-44A0-9EB4-8513F1D6A8F9}.Debug|Any CPU.Build.0 = Debug|Any CPU
		{A1A81147-A9F1-44A0-9EB4-8513F1D6A8F9}.Release|Any CPU.ActiveCfg = Release|Any CPU
		{A1A81147-A9F1-44A0-9EB4-8513F1D6A8F9}.Release|Any CPU.Build.0 = Release|Any CPU
		{70452C01-4152-45A0-8E20-02CCB12C98F6}.Debug|Any CPU.ActiveCfg = Debug|Any CPU
		{70452C01-4152-45A0-8E20-02CCB12C98F6}.Debug|Any CPU.Build.0 = Debug|Any CPU
		{70452C01-4152-45A0-8E20-02CCB12C98F6}.Release|Any CPU.ActiveCfg = Release|Any CPU
		{70452C01-4152-45A0-8E20-02CCB12C98F6}.Release|Any CPU.Build.0 = Release|Any CPU
		{4026EAF7-341C-481C-BB05-E1B85F364A7E}.Debug|Any CPU.ActiveCfg = Debug|Any CPU
		{4026EAF7-341C-481C-BB05-E1B85F364A7E}.Debug|Any CPU.Build.0 = Debug|Any CPU
		{4026EAF7-341C-481C-BB05-E1B85F364A7E}.Release|Any CPU.ActiveCfg = Release|Any CPU
		{4026EAF7-341C-481C-BB05-E1B85F364A7E}.Release|Any CPU.Build.0 = Release|Any CPU
		{5DF0325F-9117-4E60-94BD-ADB1B11FF5C7}.Debug|Any CPU.ActiveCfg = Debug|Any CPU
		{5DF0325F-9117-4E60-94BD-ADB1B11FF5C7}.Debug|Any CPU.Build.0 = Debug|Any CPU
		{5DF0325F-9117-4E60-94BD-ADB1B11FF5C7}.Release|Any CPU.ActiveCfg = Release|Any CPU
		{5DF0325F-9117-4E60-94BD-ADB1B11FF5C7}.Release|Any CPU.Build.0 = Release|Any CPU
	EndGlobalSection
	GlobalSection(SolutionProperties) = preSolution
		HideSolutionNode = FALSE
	EndGlobalSection
	GlobalSection(ExtensibilityGlobals) = postSolution
		SolutionGuid = {80F9F160-C7D6-4ADF-8F9B-CF3AFEE52B46}
	EndGlobalSection
EndGlobal
